// !$*UTF8*$!
{
	archiveVersion = 1;
	classes = {
	};
	objectVersion = 50;
	objects = {

/* Begin PBXBuildFile section */
		7A869AF1234B570A00A7CB95 /* AppDelegate.swift in Sources */ = {isa = PBXBuildFile; fileRef = 7A869AF0234B570A00A7CB95 /* AppDelegate.swift */; };
		7A869AF3234B570A00A7CB95 /* SceneDelegate.swift in Sources */ = {isa = PBXBuildFile; fileRef = 7A869AF2234B570A00A7CB95 /* SceneDelegate.swift */; };
		7A869AF5234B570A00A7CB95 /* ViewController.swift in Sources */ = {isa = PBXBuildFile; fileRef = 7A869AF4234B570A00A7CB95 /* ViewController.swift */; };
		7A869AF8234B570A00A7CB95 /* Main.storyboard in Resources */ = {isa = PBXBuildFile; fileRef = 7A869AF6234B570A00A7CB95 /* Main.storyboard */; };
		7A869AFA234B570B00A7CB95 /* Assets.xcassets in Resources */ = {isa = PBXBuildFile; fileRef = 7A869AF9234B570B00A7CB95 /* Assets.xcassets */; };
		7A869AFD234B570B00A7CB95 /* LaunchScreen.storyboard in Resources */ = {isa = PBXBuildFile; fileRef = 7A869AFB234B570B00A7CB95 /* LaunchScreen.storyboard */; };
		7A869B08234B570B00A7CB95 /* MVVM_CTests.swift in Sources */ = {isa = PBXBuildFile; fileRef = 7A869B07234B570B00A7CB95 /* MVVM_CTests.swift */; };
		7A869B13234B570B00A7CB95 /* MVVM_CUITests.swift in Sources */ = {isa = PBXBuildFile; fileRef = 7A869B12234B570B00A7CB95 /* MVVM_CUITests.swift */; };
/* End PBXBuildFile section */

/* Begin PBXContainerItemProxy section */
		7A869B04234B570B00A7CB95 /* PBXContainerItemProxy */ = {
			isa = PBXContainerItemProxy;
			containerPortal = 7A869AE5234B570A00A7CB95 /* Project object */;
			proxyType = 1;
			remoteGlobalIDString = 7A869AEC234B570A00A7CB95;
			remoteInfo = "MVVM-C";
		};
		7A869B0F234B570B00A7CB95 /* PBXContainerItemProxy */ = {
			isa = PBXContainerItemProxy;
			containerPortal = 7A869AE5234B570A00A7CB95 /* Project object */;
			proxyType = 1;
			remoteGlobalIDString = 7A869AEC234B570A00A7CB95;
			remoteInfo = "MVVM-C";
		};
/* End PBXContainerItemProxy section */

/* Begin PBXFileReference section */
		7A869AED234B570A00A7CB95 /* MVVM-C.app */ = {isa = PBXFileReference; explicitFileType = wrapper.application; includeInIndex = 0; path = "MVVM-C.app"; sourceTree = BUILT_PRODUCTS_DIR; };
		7A869AF0234B570A00A7CB95 /* AppDelegate.swift */ = {isa = PBXFileReference; lastKnownFileType = sourcecode.swift; path = AppDelegate.swift; sourceTree = "<group>"; };
		7A869AF2234B570A00A7CB95 /* SceneDelegate.swift */ = {isa = PBXFileReference; lastKnownFileType = sourcecode.swift; path = SceneDelegate.swift; sourceTree = "<group>"; };
		7A869AF4234B570A00A7CB95 /* ViewController.swift */ = {isa = PBXFileReference; lastKnownFileType = sourcecode.swift; path = ViewController.swift; sourceTree = "<group>"; };
		7A869AF7234B570A00A7CB95 /* Base */ = {isa = PBXFileReference; lastKnownFileType = file.storyboard; name = Base; path = Base.lproj/Main.storyboard; sourceTree = "<group>"; };
		7A869AF9234B570B00A7CB95 /* Assets.xcassets */ = {isa = PBXFileReference; lastKnownFileType = folder.assetcatalog; path = Assets.xcassets; sourceTree = "<group>"; };
		7A869AFC234B570B00A7CB95 /* Base */ = {isa = PBXFileReference; lastKnownFileType = file.storyboard; name = Base; path = Base.lproj/LaunchScreen.storyboard; sourceTree = "<group>"; };
		7A869AFE234B570B00A7CB95 /* Info.plist */ = {isa = PBXFileReference; lastKnownFileType = text.plist.xml; path = Info.plist; sourceTree = "<group>"; };
		7A869B03234B570B00A7CB95 /* MVVM-CTests.xctest */ = {isa = PBXFileReference; explicitFileType = wrapper.cfbundle; includeInIndex = 0; path = "MVVM-CTests.xctest"; sourceTree = BUILT_PRODUCTS_DIR; };
		7A869B07234B570B00A7CB95 /* MVVM_CTests.swift */ = {isa = PBXFileReference; lastKnownFileType = sourcecode.swift; path = MVVM_CTests.swift; sourceTree = "<group>"; };
		7A869B09234B570B00A7CB95 /* Info.plist */ = {isa = PBXFileReference; lastKnownFileType = text.plist.xml; path = Info.plist; sourceTree = "<group>"; };
		7A869B0E234B570B00A7CB95 /* MVVM-CUITests.xctest */ = {isa = PBXFileReference; explicitFileType = wrapper.cfbundle; includeInIndex = 0; path = "MVVM-CUITests.xctest"; sourceTree = BUILT_PRODUCTS_DIR; };
		7A869B12234B570B00A7CB95 /* MVVM_CUITests.swift */ = {isa = PBXFileReference; lastKnownFileType = sourcecode.swift; path = MVVM_CUITests.swift; sourceTree = "<group>"; };
		7A869B14234B570B00A7CB95 /* Info.plist */ = {isa = PBXFileReference; lastKnownFileType = text.plist.xml; path = Info.plist; sourceTree = "<group>"; };
/* End PBXFileReference section */

/* Begin PBXFrameworksBuildPhase section */
		7A869AEA234B570A00A7CB95 /* Frameworks */ = {
			isa = PBXFrameworksBuildPhase;
			buildActionMask = 2147483647;
			files = (
			);
			runOnlyForDeploymentPostprocessing = 0;
		};
		7A869B00234B570B00A7CB95 /* Frameworks */ = {
			isa = PBXFrameworksBuildPhase;
			buildActionMask = 2147483647;
			files = (
			);
			runOnlyForDeploymentPostprocessing = 0;
		};
		7A869B0B234B570B00A7CB95 /* Frameworks */ = {
			isa = PBXFrameworksBuildPhase;
			buildActionMask = 2147483647;
			files = (
			);
			runOnlyForDeploymentPostprocessing = 0;
		};
/* End PBXFrameworksBuildPhase section */

/* Begin PBXGroup section */
		7A869AE4234B570A00A7CB95 = {
			isa = PBXGroup;
			children = (
				7A869AEF234B570A00A7CB95 /* MVVM-C */,
				7A869B06234B570B00A7CB95 /* MVVM-CTests */,
				7A869B11234B570B00A7CB95 /* MVVM-CUITests */,
				7A869AEE234B570A00A7CB95 /* Products */,
			);
			sourceTree = "<group>";
		};
		7A869AEE234B570A00A7CB95 /* Products */ = {
			isa = PBXGroup;
			children = (
				7A869AED234B570A00A7CB95 /* MVVM-C.app */,
				7A869B03234B570B00A7CB95 /* MVVM-CTests.xctest */,
				7A869B0E234B570B00A7CB95 /* MVVM-CUITests.xctest */,
			);
			name = Products;
			sourceTree = "<group>";
		};
		7A869AEF234B570A00A7CB95 /* MVVM-C */ = {
			isa = PBXGroup;
			children = (
				7A869AF0234B570A00A7CB95 /* AppDelegate.swift */,
				7A869AF2234B570A00A7CB95 /* SceneDelegate.swift */,
				7A869AF4234B570A00A7CB95 /* ViewController.swift */,
				7A869AF6234B570A00A7CB95 /* Main.storyboard */,
				7A869AF9234B570B00A7CB95 /* Assets.xcassets */,
				7A869AFB234B570B00A7CB95 /* LaunchScreen.storyboard */,
				7A869AFE234B570B00A7CB95 /* Info.plist */,
			);
			path = "MVVM-C";
			sourceTree = "<group>";
		};
		7A869B06234B570B00A7CB95 /* MVVM-CTests */ = {
			isa = PBXGroup;
			children = (
				7A869B07234B570B00A7CB95 /* MVVM_CTests.swift */,
				7A869B09234B570B00A7CB95 /* Info.plist */,
			);
			path = "MVVM-CTests";
			sourceTree = "<group>";
		};
		7A869B11234B570B00A7CB95 /* MVVM-CUITests */ = {
			isa = PBXGroup;
			children = (
				7A869B12234B570B00A7CB95 /* MVVM_CUITests.swift */,
				7A869B14234B570B00A7CB95 /* Info.plist */,
			);
			path = "MVVM-CUITests";
			sourceTree = "<group>";
		};
/* End PBXGroup section */

/* Begin PBXNativeTarget section */
		7A869AEC234B570A00A7CB95 /* MVVM-C */ = {
			isa = PBXNativeTarget;
			buildConfigurationList = 7A869B17234B570B00A7CB95 /* Build configuration list for PBXNativeTarget "MVVM-C" */;
			buildPhases = (
				7A869AE9234B570A00A7CB95 /* Sources */,
				7A869AEA234B570A00A7CB95 /* Frameworks */,
				7A869AEB234B570A00A7CB95 /* Resources */,
			);
			buildRules = (
			);
			dependencies = (
			);
			name = "MVVM-C";
			productName = "MVVM-C";
			productReference = 7A869AED234B570A00A7CB95 /* MVVM-C.app */;
			productType = "com.apple.product-type.application";
		};
		7A869B02234B570B00A7CB95 /* MVVM-CTests */ = {
			isa = PBXNativeTarget;
			buildConfigurationList = 7A869B1A234B570B00A7CB95 /* Build configuration list for PBXNativeTarget "MVVM-CTests" */;
			buildPhases = (
				7A869AFF234B570B00A7CB95 /* Sources */,
				7A869B00234B570B00A7CB95 /* Frameworks */,
				7A869B01234B570B00A7CB95 /* Resources */,
			);
			buildRules = (
			);
			dependencies = (
				7A869B05234B570B00A7CB95 /* PBXTargetDependency */,
			);
			name = "MVVM-CTests";
			productName = "MVVM-CTests";
			productReference = 7A869B03234B570B00A7CB95 /* MVVM-CTests.xctest */;
			productType = "com.apple.product-type.bundle.unit-test";
		};
		7A869B0D234B570B00A7CB95 /* MVVM-CUITests */ = {
			isa = PBXNativeTarget;
			buildConfigurationList = 7A869B1D234B570B00A7CB95 /* Build configuration list for PBXNativeTarget "MVVM-CUITests" */;
			buildPhases = (
				7A869B0A234B570B00A7CB95 /* Sources */,
				7A869B0B234B570B00A7CB95 /* Frameworks */,
				7A869B0C234B570B00A7CB95 /* Resources */,
			);
			buildRules = (
			);
			dependencies = (
				7A869B10234B570B00A7CB95 /* PBXTargetDependency */,
			);
			name = "MVVM-CUITests";
			productName = "MVVM-CUITests";
			productReference = 7A869B0E234B570B00A7CB95 /* MVVM-CUITests.xctest */;
			productType = "com.apple.product-type.bundle.ui-testing";
		};
/* End PBXNativeTarget section */

/* Begin PBXProject section */
		7A869AE5234B570A00A7CB95 /* Project object */ = {
			isa = PBXProject;
			attributes = {
				LastSwiftUpdateCheck = 1100;
				LastUpgradeCheck = 1100;
				ORGANIZATIONNAME = "Shakeel Ahmed";
				TargetAttributes = {
					7A869AEC234B570A00A7CB95 = {
						CreatedOnToolsVersion = 11.0;
					};
					7A869B02234B570B00A7CB95 = {
						CreatedOnToolsVersion = 11.0;
						TestTargetID = 7A869AEC234B570A00A7CB95;
					};
					7A869B0D234B570B00A7CB95 = {
						CreatedOnToolsVersion = 11.0;
						TestTargetID = 7A869AEC234B570A00A7CB95;
					};
				};
			};
			buildConfigurationList = 7A869AE8234B570A00A7CB95 /* Build configuration list for PBXProject "MVVM-C" */;
			compatibilityVersion = "Xcode 9.3";
			developmentRegion = en;
			hasScannedForEncodings = 0;
			knownRegions = (
				en,
				Base,
			);
			mainGroup = 7A869AE4234B570A00A7CB95;
			productRefGroup = 7A869AEE234B570A00A7CB95 /* Products */;
			projectDirPath = "";
			projectRoot = "";
			targets = (
				7A869AEC234B570A00A7CB95 /* MVVM-C */,
				7A869B02234B570B00A7CB95 /* MVVM-CTests */,
				7A869B0D234B570B00A7CB95 /* MVVM-CUITests */,
			);
		};
/* End PBXProject section */

/* Begin PBXResourcesBuildPhase section */
		7A869AEB234B570A00A7CB95 /* Resources */ = {
			isa = PBXResourcesBuildPhase;
			buildActionMask = 2147483647;
			files = (
				7A869AFD234B570B00A7CB95 /* LaunchScreen.storyboard in Resources */,
				7A869AFA234B570B00A7CB95 /* Assets.xcassets in Resources */,
				7A869AF8234B570A00A7CB95 /* Main.storyboard in Resources */,
			);
			runOnlyForDeploymentPostprocessing = 0;
		};
		7A869B01234B570B00A7CB95 /* Resources */ = {
			isa = PBXResourcesBuildPhase;
			buildActionMask = 2147483647;
			files = (
			);
			runOnlyForDeploymentPostprocessing = 0;
		};
		7A869B0C234B570B00A7CB95 /* Resources */ = {
			isa = PBXResourcesBuildPhase;
			buildActionMask = 2147483647;
			files = (
			);
			runOnlyForDeploymentPostprocessing = 0;
		};
/* End PBXResourcesBuildPhase section */

/* Begin PBXSourcesBuildPhase section */
		7A869AE9234B570A00A7CB95 /* Sources */ = {
			isa = PBXSourcesBuildPhase;
			buildActionMask = 2147483647;
			files = (
				7A869AF5234B570A00A7CB95 /* ViewController.swift in Sources */,
				7A869AF1234B570A00A7CB95 /* AppDelegate.swift in Sources */,
				7A869AF3234B570A00A7CB95 /* SceneDelegate.swift in Sources */,
			);
			runOnlyForDeploymentPostprocessing = 0;
		};
		7A869AFF234B570B00A7CB95 /* Sources */ = {
			isa = PBXSourcesBuildPhase;
			buildActionMask = 2147483647;
			files = (
				7A869B08234B570B00A7CB95 /* MVVM_CTests.swift in Sources */,
			);
			runOnlyForDeploymentPostprocessing = 0;
		};
		7A869B0A234B570B00A7CB95 /* Sources */ = {
			isa = PBXSourcesBuildPhase;
			buildActionMask = 2147483647;
			files = (
				7A869B13234B570B00A7CB95 /* MVVM_CUITests.swift in Sources */,
			);
			runOnlyForDeploymentPostprocessing = 0;
		};
/* End PBXSourcesBuildPhase section */

/* Begin PBXTargetDependency section */
		7A869B05234B570B00A7CB95 /* PBXTargetDependency */ = {
			isa = PBXTargetDependency;
			target = 7A869AEC234B570A00A7CB95 /* MVVM-C */;
			targetProxy = 7A869B04234B570B00A7CB95 /* PBXContainerItemProxy */;
		};
		7A869B10234B570B00A7CB95 /* PBXTargetDependency */ = {
			isa = PBXTargetDependency;
			target = 7A869AEC234B570A00A7CB95 /* MVVM-C */;
			targetProxy = 7A869B0F234B570B00A7CB95 /* PBXContainerItemProxy */;
		};
/* End PBXTargetDependency section */

/* Begin PBXVariantGroup section */
		7A869AF6234B570A00A7CB95 /* Main.storyboard */ = {
			isa = PBXVariantGroup;
			children = (
				7A869AF7234B570A00A7CB95 /* Base */,
			);
			name = Main.storyboard;
			sourceTree = "<group>";
		};
		7A869AFB234B570B00A7CB95 /* LaunchScreen.storyboard */ = {
			isa = PBXVariantGroup;
			children = (
				7A869AFC234B570B00A7CB95 /* Base */,
			);
			name = LaunchScreen.storyboard;
			sourceTree = "<group>";
		};
/* End PBXVariantGroup section */

/* Begin XCBuildConfiguration section */
		7A869B15234B570B00A7CB95 /* Debug */ = {
			isa = XCBuildConfiguration;
			buildSettings = {
				ALWAYS_SEARCH_USER_PATHS = NO;
				CLANG_ANALYZER_NONNULL = YES;
				CLANG_ANALYZER_NUMBER_OBJECT_CONVERSION = YES_AGGRESSIVE;
				CLANG_CXX_LANGUAGE_STANDARD = "gnu++14";
				CLANG_CXX_LIBRARY = "libc++";
				CLANG_ENABLE_MODULES = YES;
				CLANG_ENABLE_OBJC_ARC = YES;
				CLANG_ENABLE_OBJC_WEAK = YES;
				CLANG_WARN_BLOCK_CAPTURE_AUTORELEASING = YES;
				CLANG_WARN_BOOL_CONVERSION = YES;
				CLANG_WARN_COMMA = YES;
				CLANG_WARN_CONSTANT_CONVERSION = YES;
				CLANG_WARN_DEPRECATED_OBJC_IMPLEMENTATIONS = YES;
				CLANG_WARN_DIRECT_OBJC_ISA_USAGE = YES_ERROR;
				CLANG_WARN_DOCUMENTATION_COMMENTS = YES;
				CLANG_WARN_EMPTY_BODY = YES;
				CLANG_WARN_ENUM_CONVERSION = YES;
				CLANG_WARN_INFINITE_RECURSION = YES;
				CLANG_WARN_INT_CONVERSION = YES;
				CLANG_WARN_NON_LITERAL_NULL_CONVERSION = YES;
				CLANG_WARN_OBJC_IMPLICIT_RETAIN_SELF = YES;
				CLANG_WARN_OBJC_LITERAL_CONVERSION = YES;
				CLANG_WARN_OBJC_ROOT_CLASS = YES_ERROR;
				CLANG_WARN_RANGE_LOOP_ANALYSIS = YES;
				CLANG_WARN_STRICT_PROTOTYPES = YES;
				CLANG_WARN_SUSPICIOUS_MOVE = YES;
				CLANG_WARN_UNGUARDED_AVAILABILITY = YES_AGGRESSIVE;
				CLANG_WARN_UNREACHABLE_CODE = YES;
				CLANG_WARN__DUPLICATE_METHOD_MATCH = YES;
				COPY_PHASE_STRIP = NO;
				DEBUG_INFORMATION_FORMAT = dwarf;
				ENABLE_STRICT_OBJC_MSGSEND = YES;
				ENABLE_TESTABILITY = YES;
				GCC_C_LANGUAGE_STANDARD = gnu11;
				GCC_DYNAMIC_NO_PIC = NO;
				GCC_NO_COMMON_BLOCKS = YES;
				GCC_OPTIMIZATION_LEVEL = 0;
				GCC_PREPROCESSOR_DEFINITIONS = (
					"DEBUG=1",
					"$(inherited)",
				);
				GCC_WARN_64_TO_32_BIT_CONVERSION = YES;
				GCC_WARN_ABOUT_RETURN_TYPE = YES_ERROR;
				GCC_WARN_UNDECLARED_SELECTOR = YES;
				GCC_WARN_UNINITIALIZED_AUTOS = YES_AGGRESSIVE;
				GCC_WARN_UNUSED_FUNCTION = YES;
				GCC_WARN_UNUSED_VARIABLE = YES;
				IPHONEOS_DEPLOYMENT_TARGET = 13.0;
				MTL_ENABLE_DEBUG_INFO = INCLUDE_SOURCE;
				MTL_FAST_MATH = YES;
				ONLY_ACTIVE_ARCH = YES;
				SDKROOT = iphoneos;
				SWIFT_ACTIVE_COMPILATION_CONDITIONS = DEBUG;
				SWIFT_OPTIMIZATION_LEVEL = "-Onone";
			};
			name = Debug;
		};
		7A869B16234B570B00A7CB95 /* Release */ = {
			isa = XCBuildConfiguration;
			buildSettings = {
				ALWAYS_SEARCH_USER_PATHS = NO;
				CLANG_ANALYZER_NONNULL = YES;
				CLANG_ANALYZER_NUMBER_OBJECT_CONVERSION = YES_AGGRESSIVE;
				CLANG_CXX_LANGUAGE_STANDARD = "gnu++14";
				CLANG_CXX_LIBRARY = "libc++";
				CLANG_ENABLE_MODULES = YES;
				CLANG_ENABLE_OBJC_ARC = YES;
				CLANG_ENABLE_OBJC_WEAK = YES;
				CLANG_WARN_BLOCK_CAPTURE_AUTORELEASING = YES;
				CLANG_WARN_BOOL_CONVERSION = YES;
				CLANG_WARN_COMMA = YES;
				CLANG_WARN_CONSTANT_CONVERSION = YES;
				CLANG_WARN_DEPRECATED_OBJC_IMPLEMENTATIONS = YES;
				CLANG_WARN_DIRECT_OBJC_ISA_USAGE = YES_ERROR;
				CLANG_WARN_DOCUMENTATION_COMMENTS = YES;
				CLANG_WARN_EMPTY_BODY = YES;
				CLANG_WARN_ENUM_CONVERSION = YES;
				CLANG_WARN_INFINITE_RECURSION = YES;
				CLANG_WARN_INT_CONVERSION = YES;
				CLANG_WARN_NON_LITERAL_NULL_CONVERSION = YES;
				CLANG_WARN_OBJC_IMPLICIT_RETAIN_SELF = YES;
				CLANG_WARN_OBJC_LITERAL_CONVERSION = YES;
				CLANG_WARN_OBJC_ROOT_CLASS = YES_ERROR;
				CLANG_WARN_RANGE_LOOP_ANALYSIS = YES;
				CLANG_WARN_STRICT_PROTOTYPES = YES;
				CLANG_WARN_SUSPICIOUS_MOVE = YES;
				CLANG_WARN_UNGUARDED_AVAILABILITY = YES_AGGRESSIVE;
				CLANG_WARN_UNREACHABLE_CODE = YES;
				CLANG_WARN__DUPLICATE_METHOD_MATCH = YES;
				COPY_PHASE_STRIP = NO;
				DEBUG_INFORMATION_FORMAT = "dwarf-with-dsym";
				ENABLE_NS_ASSERTIONS = NO;
				ENABLE_STRICT_OBJC_MSGSEND = YES;
				GCC_C_LANGUAGE_STANDARD = gnu11;
				GCC_NO_COMMON_BLOCKS = YES;
				GCC_WARN_64_TO_32_BIT_CONVERSION = YES;
				GCC_WARN_ABOUT_RETURN_TYPE = YES_ERROR;
				GCC_WARN_UNDECLARED_SELECTOR = YES;
				GCC_WARN_UNINITIALIZED_AUTOS = YES_AGGRESSIVE;
				GCC_WARN_UNUSED_FUNCTION = YES;
				GCC_WARN_UNUSED_VARIABLE = YES;
				IPHONEOS_DEPLOYMENT_TARGET = 13.0;
				MTL_ENABLE_DEBUG_INFO = NO;
				MTL_FAST_MATH = YES;
				SDKROOT = iphoneos;
				SWIFT_COMPILATION_MODE = wholemodule;
				SWIFT_OPTIMIZATION_LEVEL = "-O";
				VALIDATE_PRODUCT = YES;
			};
			name = Release;
		};
		7A869B18234B570B00A7CB95 /* Debug */ = {
			isa = XCBuildConfiguration;
			buildSettings = {
				ASSETCATALOG_COMPILER_APPICON_NAME = AppIcon;
				CODE_SIGN_STYLE = Automatic;
				DEVELOPMENT_TEAM = F2Z658J34Z;
				INFOPLIST_FILE = "MVVM-C/Info.plist";
				LD_RUNPATH_SEARCH_PATHS = (
					"$(inherited)",
					"@executable_path/Frameworks",
				);
				PRODUCT_BUNDLE_IDENTIFIER = "sampe.mvvm.c.MVVM-C";
				PRODUCT_NAME = "$(TARGET_NAME)";
				SWIFT_VERSION = 5.0;
				TARGETED_DEVICE_FAMILY = "1,2";
			};
			name = Debug;
		};
		7A869B19234B570B00A7CB95 /* Release */ = {
			isa = XCBuildConfiguration;
			buildSettings = {
				ASSETCATALOG_COMPILER_APPICON_NAME = AppIcon;
				CODE_SIGN_STYLE = Automatic;
				DEVELOPMENT_TEAM = F2Z658J34Z;
				INFOPLIST_FILE = "MVVM-C/Info.plist";
				LD_RUNPATH_SEARCH_PATHS = (
					"$(inherited)",
					"@executable_path/Frameworks",
				);
				PRODUCT_BUNDLE_IDENTIFIER = "sampe.mvvm.c.MVVM-C";
				PRODUCT_NAME = "$(TARGET_NAME)";
				SWIFT_VERSION = 5.0;
				TARGETED_DEVICE_FAMILY = "1,2";
			};
			name = Release;
		};
		7A869B1B234B570B00A7CB95 /* Debug */ = {
			isa = XCBuildConfiguration;
			buildSettings = {
				ALWAYS_EMBED_SWIFT_STANDARD_LIBRARIES = YES;
				BUNDLE_LOADER = "$(TEST_HOST)";
				CODE_SIGN_STYLE = Automatic;
				DEVELOPMENT_TEAM = F2Z658J34Z;
				INFOPLIST_FILE = "MVVM-CTests/Info.plist";
				IPHONEOS_DEPLOYMENT_TARGET = 13.0;
				LD_RUNPATH_SEARCH_PATHS = (
					"$(inherited)",
					"@executable_path/Frameworks",
					"@loader_path/Frameworks",
				);
				PRODUCT_BUNDLE_IDENTIFIER = "sampe.mvvm.c.MVVM-CTests";
				PRODUCT_NAME = "$(TARGET_NAME)";
				SWIFT_VERSION = 5.0;
				TARGETED_DEVICE_FAMILY = "1,2";
				TEST_HOST = "$(BUILT_PRODUCTS_DIR)/MVVM-C.app/MVVM-C";
			};
			name = Debug;
		};
		7A869B1C234B570B00A7CB95 /* Release */ = {
			isa = XCBuildConfiguration;
			buildSettings = {
				ALWAYS_EMBED_SWIFT_STANDARD_LIBRARIES = YES;
				BUNDLE_LOADER = "$(TEST_HOST)";
				CODE_SIGN_STYLE = Automatic;
				DEVELOPMENT_TEAM = F2Z658J34Z;
				INFOPLIST_FILE = "MVVM-CTests/Info.plist";
				IPHONEOS_DEPLOYMENT_TARGET = 13.0;
				LD_RUNPATH_SEARCH_PATHS = (
					"$(inherited)",
					"@executable_path/Frameworks",
					"@loader_path/Frameworks",
				);
				PRODUCT_BUNDLE_IDENTIFIER = "sampe.mvvm.c.MVVM-CTests";
				PRODUCT_NAME = "$(TARGET_NAME)";
				SWIFT_VERSION = 5.0;
				TARGETED_DEVICE_FAMILY = "1,2";
				TEST_HOST = "$(BUILT_PRODUCTS_DIR)/MVVM-C.app/MVVM-C";
			};
			name = Release;
		};
		7A869B1E234B570B00A7CB95 /* Debug */ = {
			isa = XCBuildConfiguration;
			buildSettings = {
				ALWAYS_EMBED_SWIFT_STANDARD_LIBRARIES = YES;
				CODE_SIGN_STYLE = Automatic;
				DEVELOPMENT_TEAM = F2Z658J34Z;
				INFOPLIST_FILE = "MVVM-CUITests/Info.plist";
				LD_RUNPATH_SEARCH_PATHS = (
					"$(inherited)",
					"@executable_path/Frameworks",
					"@loader_path/Frameworks",
				);
				PRODUCT_BUNDLE_IDENTIFIER = "sampe.mvvm.c.MVVM-CUITests";
				PRODUCT_NAME = "$(TARGET_NAME)";
				SWIFT_VERSION = 5.0;
				TARGETED_DEVICE_FAMILY = "1,2";
				TEST_TARGET_NAME = "MVVM-C";
			};
			name = Debug;
		};
		7A869B1F234B570B00A7CB95 /* Release */ = {
			isa = XCBuildConfiguration;
			buildSettings = {
				ALWAYS_EMBED_SWIFT_STANDARD_LIBRARIES = YES;
				CODE_SIGN_STYLE = Automatic;
				DEVELOPMENT_TEAM = F2Z658J34Z;
				INFOPLIST_FILE = "MVVM-CUITests/Info.plist";
				LD_RUNPATH_SEARCH_PATHS = (
					"$(inherited)",
					"@executable_path/Frameworks",
					"@loader_path/Frameworks",
				);
				PRODUCT_BUNDLE_IDENTIFIER = "sampe.mvvm.c.MVVM-CUITests";
				PRODUCT_NAME = "$(TARGET_NAME)";
				SWIFT_VERSION = 5.0;
				TARGETED_DEVICE_FAMILY = "1,2";
				TEST_TARGET_NAME = "MVVM-C";
			};
			name = Release;
		};
/* End XCBuildConfiguration section */

/* Begin XCConfigurationList section */
		7A869AE8234B570A00A7CB95 /* Build configuration list for PBXProject "MVVM-C" */ = {
			isa = XCConfigurationList;
			buildConfigurations = (
				7A869B15234B570B00A7CB95 /* Debug */,
				7A869B16234B570B00A7CB95 /* Release */,
			);
			defaultConfigurationIsVisible = 0;
			defaultConfigurationName = Release;
		};
		7A869B17234B570B00A7CB95 /* Build configuration list for PBXNativeTarget "MVVM-C" */ = {
			isa = XCConfigurationList;
			buildConfigurations = (
				7A869B18234B570B00A7CB95 /* Debug */,
				7A869B19234B570B00A7CB95 /* Release */,
			);
			defaultConfigurationIsVisible = 0;
			defaultConfigurationName = Release;
		};
		7A869B1A234B570B00A7CB95 /* Build configuration list for PBXNativeTarget "MVVM-CTests" */ = {
			isa = XCConfigurationList;
			buildConfigurations = (
				7A869B1B234B570B00A7CB95 /* Debug */,
				7A869B1C234B570B00A7CB95 /* Release */,
			);
			defaultConfigurationIsVisible = 0;
			defaultConfigurationName = Release;
		};
		7A869B1D234B570B00A7CB95 /* Build configuration list for PBXNativeTarget "MVVM-CUITests" */ = {
			isa = XCConfigurationList;
			buildConfigurations = (
				7A869B1E234B570B00A7CB95 /* Debug */,
				7A869B1F234B570B00A7CB95 /* Release */,
			);
			defaultConfigurationIsVisible = 0;
			defaultConfigurationName = Release;
		};
/* End XCConfigurationList section */
	};
	rootObject = 7A869AE5234B570A00A7CB95 /* Project object */;
}
